
Microsoft Visual Studio Solution File, Format Version 12.00
# Visual Studio Version 17
VisualStudioVersion = 17.8.34330.188
MinimumVisualStudioVersion = 10.0.40219.1
Project("{FAE04EC0-301F-11D3-BF4B-00C04F79EFBC}") = "SoftwareTestProject", "SoftwareTestProject\SoftwareTestProject.csproj", "{1FE593E2-CA31-47CF-826E-9F9E1CC08C4B}"
EndProject
Project("{FAE04EC0-301F-11D3-BF4B-00C04F79EFBC}") = "SoftwareTestProjectTests", "SoftwareTestProjectTests\SoftwareTestProjectTests.csproj", "{DACE5404-EF7E-4258-A91C-043423EEBF17}"
EndProject
Global
	GlobalSection(SolutionConfigurationPlatforms) = preSolution
		Debug|Any CPU = Debug|Any CPU
		Release|Any CPU = Release|Any CPU
	EndGlobalSection
	GlobalSection(ProjectConfigurationPlatforms) = postSolution
		{1FE593E2-CA31-47CF-826E-9F9E1CC08C4B}.Debug|Any CPU.ActiveCfg = Debug|Any CPU
		{1FE593E2-CA31-47CF-826E-9F9E1CC08C4B}.Debug|Any CPU.Build.0 = Debug|Any CPU
		{1FE593E2-CA31-47CF-826E-9F9E1CC08C4B}.Release|Any CPU.ActiveCfg = Release|Any CPU
		{1FE593E2-CA31-47CF-826E-9F9E1CC08C4B}.Release|Any CPU.Build.0 = Release|Any CPU
		{DACE5404-EF7E-4258-A91C-043423EEBF17}.Debug|Any CPU.ActiveCfg = Debug|Any CPU
		{DACE5404-EF7E-4258-A91C-043423EEBF17}.Debug|Any CPU.Build.0 = Debug|Any CPU
		{DACE5404-EF7E-4258-A91C-043423EEBF17}.Release|Any CPU.ActiveCfg = Release|Any CPU
		{DACE5404-EF7E-4258-A91C-043423EEBF17}.Release|Any CPU.Build.0 = Release|Any CPU
	EndGlobalSection
	GlobalSection(SolutionProperties) = preSolution
		HideSolutionNode = FALSE
	EndGlobalSection
	GlobalSection(ExtensibilityGlobals) = postSolution
		SolutionGuid = {23F860D1-0DCC-4F3C-812A-2D68920AE78E}
	EndGlobalSection
EndGlobal
